{
  "nodes": {
    "flake-utils": {
      "inputs": {
        "systems": "systems"
      },
      "locked": {
        "lastModified": 1710146030,
        "narHash": "sha256-SZ5L6eA7HJ/nmkzGG7/ISclqe6oZdOZTNoesiInkXPQ=",
        "owner": "numtide",
        "repo": "flake-utils",
        "rev": "b1d9ab70662946ef0850d488da1c9019f3a9752a",
        "type": "github"
      },
      "original": {
        "owner": "numtide",
        "repo": "flake-utils",
        "type": "github"
      }
    },
    "nixpkgs": {
      "locked": {
        "lastModified": 1725910328,
        "narHash": "sha256-n9pCtzGZ0httmTwMuEbi5E78UQ4ZbQMr1pzi5N0LAG8=",
        "owner": "NixOS",
        "repo": "nixpkgs",
        "rev": "5775c2583f1801df7b790bf7f7d710a19bac66f4",
        "type": "github"
      },
      "original": {
        "owner": "NixOS",
        "ref": "nixpkgs-unstable",
        "repo": "nixpkgs",
        "type": "github"
      }
    },
    "ppad-base16": {
      "inputs": {
        "flake-utils": [
          "ppad-base16",
          "ppad-nixpkgs",
          "flake-utils"
        ],
        "nixpkgs": [
          "ppad-base16",
          "ppad-nixpkgs",
          "nixpkgs"
        ],
        "ppad-nixpkgs": [
          "ppad-nixpkgs"
        ]
      },
      "locked": {
        "lastModified": 1741625558,
        "narHash": "sha256-ZBDXRD5fsVqA5bGrAlcnhiu67Eo50q0M9614nR3NBwY=",
        "ref": "master",
        "rev": "fb63457f2e894eda28250dfe65d0fcd1d195ac2f",
        "revCount": 24,
        "type": "git",
        "url": "git://git.ppad.tech/base16.git"
      },
      "original": {
        "ref": "master",
        "type": "git",
        "url": "git://git.ppad.tech/base16.git"
      }
    },
    "ppad-base16_2": {
      "inputs": {
        "flake-utils": [
          "ppad-hmac-drbg",
          "ppad-base16",
          "ppad-nixpkgs",
          "flake-utils"
        ],
        "nixpkgs": [
          "ppad-hmac-drbg",
          "ppad-base16",
          "ppad-nixpkgs",
          "nixpkgs"
        ],
        "ppad-nixpkgs": [
          "ppad-hmac-drbg",
          "ppad-nixpkgs"
        ]
      },
      "locked": {
        "lastModified": 1741625558,
        "narHash": "sha256-ZBDXRD5fsVqA5bGrAlcnhiu67Eo50q0M9614nR3NBwY=",
        "ref": "master",
        "rev": "fb63457f2e894eda28250dfe65d0fcd1d195ac2f",
        "revCount": 24,
        "type": "git",
        "url": "git://git.ppad.tech/base16.git"
      },
      "original": {
        "ref": "master",
        "type": "git",
        "url": "git://git.ppad.tech/base16.git"
      }
    },
    "ppad-base16_3": {
      "inputs": {
        "flake-utils": [
          "ppad-sha256",
          "ppad-base16",
          "ppad-nixpkgs",
          "flake-utils"
        ],
        "nixpkgs": [
          "ppad-sha256",
          "ppad-base16",
          "ppad-nixpkgs",
          "nixpkgs"
        ],
        "ppad-nixpkgs": [
          "ppad-sha256",
          "ppad-nixpkgs"
        ]
      },
      "locked": {
        "lastModified": 1741625558,
        "narHash": "sha256-ZBDXRD5fsVqA5bGrAlcnhiu67Eo50q0M9614nR3NBwY=",
        "ref": "master",
        "rev": "fb63457f2e894eda28250dfe65d0fcd1d195ac2f",
        "revCount": 24,
        "type": "git",
        "url": "git://git.ppad.tech/base16.git"
      },
      "original": {
        "ref": "master",
        "type": "git",
        "url": "git://git.ppad.tech/base16.git"
      }
    },
    "ppad-base16_4": {
      "inputs": {
        "flake-utils": [
          "ppad-sha512",
          "ppad-base16",
          "ppad-nixpkgs",
          "flake-utils"
        ],
        "nixpkgs": [
          "ppad-sha512",
          "ppad-base16",
          "ppad-nixpkgs",
          "nixpkgs"
        ],
        "ppad-nixpkgs": [
          "ppad-sha512",
          "ppad-nixpkgs"
        ]
      },
      "locked": {
        "lastModified": 1741625558,
        "narHash": "sha256-ZBDXRD5fsVqA5bGrAlcnhiu67Eo50q0M9614nR3NBwY=",
        "ref": "master",
        "rev": "fb63457f2e894eda28250dfe65d0fcd1d195ac2f",
        "revCount": 24,
        "type": "git",
        "url": "git://git.ppad.tech/base16.git"
      },
      "original": {
        "ref": "master",
        "type": "git",
        "url": "git://git.ppad.tech/base16.git"
      }
    },
    "ppad-fixed": {
      "inputs": {
        "flake-utils": [
          "ppad-fixed",
          "ppad-nixpkgs",
          "flake-utils"
        ],
        "nixpkgs": [
          "ppad-fixed",
          "ppad-nixpkgs",
          "nixpkgs"
        ],
        "ppad-nixpkgs": [
          "ppad-nixpkgs"
        ]
      },
      "locked": {
        "lastModified": 1766269174,
        "narHash": "sha256-vgg86sfxwxc1dmeajNCPvlzZl24+aNFKxCX3+DdAXfA=",
        "ref": "master",
        "rev": "a9d4855bedf548913fcfe1e4eaf6e5dca540f524",
        "revCount": 249,
        "type": "git",
        "url": "git://git.ppad.tech/fixed.git"
      },
      "original": {
        "ref": "master",
        "type": "git",
        "url": "git://git.ppad.tech/fixed.git"
      }
    },
    "ppad-hmac-drbg": {
      "inputs": {
        "flake-utils": [
          "ppad-hmac-drbg",
          "ppad-nixpkgs",
          "flake-utils"
        ],
        "nixpkgs": [
          "ppad-hmac-drbg",
          "ppad-nixpkgs",
          "nixpkgs"
        ],
        "ppad-base16": "ppad-base16_2",
        "ppad-nixpkgs": [
          "ppad-nixpkgs"
        ],
        "ppad-sha256": [
          "ppad-sha256"
        ],
        "ppad-sha512": [
          "ppad-sha512"
        ]
      },
      "locked": {
        "lastModified": 1750582815,
        "narHash": "sha256-m9Ynf6rCAGrGU8bPil2apUC5nwPNfJSkak4GOVPj9ok=",
        "ref": "master",
        "rev": "d49f5c7c03c82d4d8321f2932b19160822715ebc",
        "revCount": 52,
        "type": "git",
        "url": "git://git.ppad.tech/hmac-drbg.git"
      },
      "original": {
        "ref": "master",
        "type": "git",
        "url": "git://git.ppad.tech/hmac-drbg.git"
      }
    },
    "ppad-nixpkgs": {
      "inputs": {
        "flake-utils": "flake-utils",
        "nixpkgs": "nixpkgs"
      },
      "locked": {
        "lastModified": 1737297101,
        "narHash": "sha256-EnXnq+JLflbWt+DvaGGnY2gfAqsGNOm5vPgHh3hkfwQ=",
        "ref": "master",
        "rev": "f29823875250bc99b3891f7373535ccde9a29a44",
        "revCount": 1,
        "type": "git",
        "url": "git://git.ppad.tech/nixpkgs.git"
      },
      "original": {
        "ref": "master",
        "type": "git",
        "url": "git://git.ppad.tech/nixpkgs.git"
      }
    },
    "ppad-sha256": {
      "inputs": {
        "flake-utils": [
          "ppad-sha256",
          "ppad-nixpkgs",
          "flake-utils"
        ],
        "nixpkgs": [
          "ppad-sha256",
          "ppad-nixpkgs",
          "nixpkgs"
        ],
        "ppad-base16": "ppad-base16_3",
        "ppad-nixpkgs": [
          "ppad-nixpkgs"
        ]
      },
      "locked": {
        "lastModified": 1750583530,
        "narHash": "sha256-elc+wo2v26SW9WWqZ+36nlrEHTCIotUbbPU0eeMaKLc=",
        "ref": "master",
        "rev": "282fa90825bbc04c324c58186da473cb380d0fc2",
        "revCount": 95,
        "type": "git",
        "url": "git://git.ppad.tech/sha256.git"
      },
      "original": {
        "ref": "master",
        "type": "git",
        "url": "git://git.ppad.tech/sha256.git"
      }
    },
    "ppad-sha512": {
      "inputs": {
        "flake-utils": [
          "ppad-sha512",
          "ppad-nixpkgs",
          "flake-utils"
        ],
        "nixpkgs": [
          "ppad-sha512",
          "ppad-nixpkgs",
          "nixpkgs"
        ],
        "ppad-base16": "ppad-base16_4",
        "ppad-nixpkgs": [
          "ppad-nixpkgs"
        ]
      },
      "locked": {
        "lastModified": 1750736173,
        "narHash": "sha256-7AGv9HktdslIaVDO8IQUMrcBewmFngHlwqEUaYsI6kw=",
        "ref": "master",
        "rev": "ba7757cf61132cf3c3d79960f51ddaf4801f7aec",
        "revCount": 30,
        "type": "git",
        "url": "git://git.ppad.tech/sha512.git"
      },
      "original": {
        "ref": "master",
        "type": "git",
        "url": "git://git.ppad.tech/sha512.git"
      }
    },
    "root": {
      "inputs": {
        "flake-utils": [
          "ppad-nixpkgs",
          "flake-utils"
        ],
        "nixpkgs": [
          "ppad-nixpkgs",
          "nixpkgs"
        ],
        "ppad-base16": "ppad-base16",
        "ppad-fixed": "ppad-fixed",
        "ppad-hmac-drbg": "ppad-hmac-drbg",
        "ppad-nixpkgs": "ppad-nixpkgs",
        "ppad-sha256": "ppad-sha256",
        "ppad-sha512": "ppad-sha512"
      }
    },
    "systems": {
      "locked": {
        "lastModified": 1681028828,
        "narHash": "sha256-Vy1rq5AaRuLzOxct8nz4T6wlgyUR7zLU309k9mBC768=",
        "owner": "nix-systems",
        "repo": "default",
        "rev": "da67096a3b9bf56a91d16901293e51ba5b49a27e",
        "type": "github"
      },
      "original": {
        "owner": "nix-systems",
        "repo": "default",
        "type": "github"
      }
    }
  },
  "root": "root",
  "version": 7
}
